
Microsoft Visual Studio Solution File, Format Version 12.00
# Visual Studio Version 16
VisualStudioVersion = 16.0.30011.22
MinimumVisualStudioVersion = 10.0.40219.1
Project("{FAE04EC0-301F-11D3-BF4B-00C04F79EFBC}") = "WindowsFormsApp7", "WindowsFormsApp7\WindowsFormsApp7.csproj", "{6FF80C4F-FA32-498E-BC65-26063129B408}"
EndProject
Global
	GlobalSection(SolutionConfigurationPlatforms) = preSolution
		Debug|Any CPU = Debug|Any CPU
		Release|Any CPU = Release|Any CPU
	EndGlobalSection
	GlobalSection(ProjectConfigurationPlatforms) = postSolution
		{6FF80C4F-FA32-498E-BC65-26063129B408}.Debug|Any CPU.ActiveCfg = Debug|Any CPU
		{6FF80C4F-FA32-498E-BC65-26063129B408}.Debug|Any CPU.Build.0 = Debug|Any CPU
		{6FF80C4F-FA32-498E-BC65-26063129B408}.Release|Any CPU.ActiveCfg = Release|Any CPU
		{6FF80C4F-FA32-498E-BC65-26063129B408}.Release|Any CPU.Build.0 = Release|Any CPU
	EndGlobalSection
	GlobalSection(SolutionProperties) = preSolution
		HideSolutionNode = FALSE
	EndGlobalSection
	GlobalSection(ExtensibilityGlobals) = postSolution
		SolutionGuid = {3FC5A3DE-012F-408B-8EB1-098ABDEBD6DD}
	EndGlobalSection
EndGlobal
